// !$*UTF8*$!
{
	archiveVersion = 1;
	classes = {
	};
	objectVersion = 46;
	objects = {

/* Begin PBXGroup section */
		2B0EE8C119C8BAD900169A55 = {
			isa = PBXGroup;
			children = (
			);
			sourceTree = "<group>";
		};
/* End PBXGroup section */

/* Begin PBXProject section */
		2B0EE8C219C8BAD900169A55 /* Project object */ = {
			isa = PBXProject;
			attributes = {
				LastUpgradeCheck = 0510;
			};
			buildConfigurationList = 2B0EE8C519C8BAD900169A55 /* Build configuration list for PBXProject "HW_Faculty_Record" */;
			compatibilityVersion = "Xcode 3.2";
			developmentRegion = English;
			hasScannedForEncodings = 0;
			knownRegions = (
				en,
			);
			mainGroup = 2B0EE8C119C8BAD900169A55;
			projectDirPath = "";
			projectRoot = "";
			targets = (
			);
		};
/* End PBXProject section */

/* Begin XCBuildConfiguration section */
		2B0EE8C619C8BAD900169A55 /* Debug */ = {
			isa = XCBuildConfiguration;
			buildSettings = {
			};
			name = Debug;
		};
		2B0EE8C719C8BAD900169A55 /* Release */ = {
			isa = XCBuildConfiguration;
			buildSettings = {
			};
			name = Release;
		};
/* End XCBuildConfiguration section */

/* Begin XCConfigurationList section */
		2B0EE8C519C8BAD900169A55 /* Build configuration list for PBXProject "HW_Faculty_Record" */ = {
			isa = XCConfigurationList;
			buildConfigurations = (
				2B0EE8C619C8BAD900169A55 /* Debug */,
				2B0EE8C719C8BAD900169A55 /* Release */,
			);
			defaultConfigurationIsVisible = 0;
			defaultConfigurationName = Release;
		};
/* End XCConfigurationList section */
	};
	rootObject = 2B0EE8C219C8BAD900169A55 /* Project object */;
}
